<?xml version="1.0" encoding="utf-8"?>
<Project ToolsVersion="4.0" xmlns="http://schemas.microsoft.com/developer/msbuild/2003">
  <ItemGroup>
    <Filter Include="Source Files">
      <UniqueIdentifier>{4FC737F1-C7A5-4376-A066-2A32D752A2FF}</UniqueIdentifier>
      <Extensions>cpp;c;cc;cxx;def;odl;idl;hpj;bat;asm;asmx</Extensions>
    </Filter>
    <Filter Include="Header Files">
      <UniqueIdentifier>{93995380-89BD-4b04-88EB-625FBE52EBFB}</UniqueIdentifier>
      <Extensions>h;hh;hpp;hxx;hm;inl;inc;xsd</Extensions>
    </Filter>
    <Filter Include="Resource Files">
      <UniqueIdentifier>{67DA6AB6-F800-4c08-8B7A-83BB121AAD01}</UniqueIdentifier>
      <Extensions>rc;ico;cur;bmp;dlg;rc2;rct;bin;rgs;gif;jpg;jpeg;jpe;resx;tiff;tif;png;wav;mfcribbon-ms</Extensions>
    </Filter>
    <Filter Include="raknet">
      <UniqueIdentifier>{6a671107-4f9d-41a8-8372-237ae903046e}</UniqueIdentifier>
    </Filter>
    <Filter Include="Header Files\game">
      <UniqueIdentifier>{b19dcd89-6012-4f11-aa75-33c62e2d220d}</UniqueIdentifier>
    </Filter>
  </ItemGroup>
  <ItemGroup>
    <ClCompile Include="main.cpp">
      <Filter>Source Files</Filter>
    </ClCompile>
    <ClCompile Include="raknet\BitStream.cpp">
      <Filter>raknet</Filter>
    </ClCompile>
    <ClCompile Include="raknet\DS_HuffmanEncodingTree.cpp">
      <Filter>raknet</Filter>
    </ClCompile>
    <ClCompile Include="raknet\StringCompressor.cpp">
      <Filter>raknet</Filter>
    </ClCompile>
    <ClCompile Include="hookfunctions.cpp">
      <Filter>Source Files</Filter>
    </ClCompile>
  </ItemGroup>
  <ItemGroup>
    <ClInclude Include="raknet\BitStream.h">
      <Filter>raknet</Filter>
    </ClInclude>
    <ClInclude Include="raknet\DS_HuffmanEncodingTree.h">
      <Filter>raknet</Filter>
    </ClInclude>
    <ClInclude Include="raknet\DS_HuffmanEncodingTreeNode.h">
      <Filter>raknet</Filter>
    </ClInclude>
    <ClInclude Include="raknet\DS_LinkedList.h">
      <Filter>raknet</Filter>
    </ClInclude>
    <ClInclude Include="raknet\DS_List.h">
      <Filter>raknet</Filter>
    </ClInclude>
    <ClInclude Include="raknet\DS_Map.h">
      <Filter>raknet</Filter>
    </ClInclude>
    <ClInclude Include="raknet\DS_OrderedList.h">
      <Filter>raknet</Filter>
    </ClInclude>
    <ClInclude Include="raknet\DS_Queue.h">
      <Filter>raknet</Filter>
    </ClInclude>
    <ClInclude Include="raknet\Export.h">
      <Filter>raknet</Filter>
    </ClInclude>
    <ClInclude Include="raknet\NetworkTypes.h">
      <Filter>raknet</Filter>
    </ClInclude>
    <ClInclude Include="raknet\PacketPriority.h">
      <Filter>raknet</Filter>
    </ClInclude>
    <ClInclude Include="raknet\RakClientInterface.h">
      <Filter>raknet</Filter>
    </ClInclude>
    <ClInclude Include="raknet\RakNetDefines.h">
      <Filter>raknet</Filter>
    </ClInclude>
    <ClInclude Include="raknet\RakNetStatistics.h">
      <Filter>raknet</Filter>
    </ClInclude>
    <ClInclude Include="raknet\StringCompressor.h">
      <Filter>raknet</Filter>
    </ClInclude>
    <ClInclude Include="hookfunctions.h">
      <Filter>Header Files</Filter>
    </ClInclude>
    <ClInclude Include="main.h">
      <Filter>Header Files</Filter>
    </ClInclude>
    <ClInclude Include="samp.h">
      <Filter>Header Files</Filter>
    </ClInclude>
    <ClInclude Include="game\game.h">
      <Filter>Header Files\game</Filter>
    </ClInclude>
    <ClInclude Include="CVector.h">
      <Filter>Header Files\game</Filter>
    </ClInclude>
    <ClInclude Include="game\CSomeClassess.h">
      <Filter>Header Files\game</Filter>
    </ClInclude>
    <ClInclude Include="Manager.h">
      <Filter>Header Files</Filter>
    </ClInclude>
    <ClInclude Include="HandlingEnum.h">
      <Filter>Header Files</Filter>
    </ClInclude>
  </ItemGroup>
</Project>