<?xml version="1.0" encoding="utf-8"?>
<Project ToolsVersion="4.0" xmlns="http://schemas.microsoft.com/developer/msbuild/2003">
  <ItemGroup>
    <Filter Include="Source Files">
      <UniqueIdentifier>{4FC737F1-C7A5-4376-A066-2A32D752A2FF}</UniqueIdentifier>
      <Extensions>cpp;c;cc;cxx;def;odl;idl;hpj;bat;asm;asmx</Extensions>
    </Filter>
    <Filter Include="Header Files">
      <UniqueIdentifier>{93995380-89BD-4b04-88EB-625FBE52EBFB}</UniqueIdentifier>
      <Extensions>h;hh;hpp;hxx;hm;inl;inc;xsd</Extensions>
    </Filter>
    <Filter Include="Resource Files">
      <UniqueIdentifier>{67DA6AB6-F800-4c08-8B7A-83BB121AAD01}</UniqueIdentifier>
      <Extensions>rc;ico;cur;bmp;dlg;rc2;rct;bin;rgs;gif;jpg;jpeg;jpe;resx;tiff;tif;png;wav;mfcribbon-ms</Extensions>
    </Filter>
    <Filter Include="Header Files\game">
      <UniqueIdentifier>{e8e9b25c-d186-4e32-98f3-79ad29b6a325}</UniqueIdentifier>
    </Filter>
    <Filter Include="raknet">
      <UniqueIdentifier>{d7c1fb73-6c2e-4a02-bf53-5256b7516a02}</UniqueIdentifier>
    </Filter>
  </ItemGroup>
  <ItemGroup>
    <ClCompile Include="main.cpp">
      <Filter>Source Files</Filter>
    </ClCompile>
    <ClCompile Include="CAddresses.h">
      <Filter>Header Files</Filter>
    </ClCompile>
    <ClCompile Include="Hooks.cpp">
      <Filter>Source Files</Filter>
    </ClCompile>
    <ClCompile Include="HandlingManager.cpp">
      <Filter>Source Files</Filter>
    </ClCompile>
    <ClCompile Include="sampVersions.cpp">
      <Filter>Source Files</Filter>
    </ClCompile>
    <ClCompile Include="raknet\BitStream.cpp">
      <Filter>raknet</Filter>
    </ClCompile>
  </ItemGroup>
  <ItemGroup>
    <ClInclude Include="main.h">
      <Filter>Header Files</Filter>
    </ClInclude>
    <ClInclude Include="sampVersions.h">
      <Filter>Header Files</Filter>
    </ClInclude>
    <ClInclude Include="game\CEntity.h">
      <Filter>Header Files\game</Filter>
    </ClInclude>
    <ClInclude Include="game\CSomeClassess.h">
      <Filter>Header Files\game</Filter>
    </ClInclude>
    <ClInclude Include="game\CVector.h">
      <Filter>Header Files\game</Filter>
    </ClInclude>
    <ClInclude Include="game\game.h">
      <Filter>Header Files\game</Filter>
    </ClInclude>
    <ClInclude Include="detours.h">
      <Filter>Header Files</Filter>
    </ClInclude>
    <ClInclude Include="Hooks.h">
      <Filter>Header Files</Filter>
    </ClInclude>
    <ClInclude Include="HandlingEnum.h">
      <Filter>Header Files</Filter>
    </ClInclude>
    <ClInclude Include="HandlingManager.h">
      <Filter>Header Files</Filter>
    </ClInclude>
    <ClInclude Include="raknet\BitStream.h">
      <Filter>raknet</Filter>
    </ClInclude>
    <ClInclude Include="raknet\RakClientInterface.h">
      <Filter>raknet</Filter>
    </ClInclude>
    <ClInclude Include="hook_utils.h">
      <Filter>Header Files</Filter>
    </ClInclude>
  </ItemGroup>
  <ItemGroup>
    <Library Include="detours.lib">
      <Filter>Header Files</Filter>
    </Library>
  </ItemGroup>
  <ItemGroup>
    <None Include="detours.pdb">
      <Filter>Header Files</Filter>
    </None>
  </ItemGroup>
</Project>